
Microsoft Visual Studio Solution File, Format Version 12.00
# Visual Studio Version 17
VisualStudioVersion = 17.0.31717.71
MinimumVisualStudioVersion = 10.0.40219.1
Project("{9A19103F-16F7-4668-BE54-9A1E7A4F7556}") = "ConsoleApp", "ConsoleApp\ConsoleApp.csproj", "{0FE44AAA-1D9E-4573-950D-1537B43A84FD}"
EndProject
Project("{9A19103F-16F7-4668-BE54-9A1E7A4F7556}") = "VisionLib", "VisionLib\VisionLib.csproj", "{49DA6C61-A131-4DF5-A97D-0F96C29C7AB3}"
EndProject
Global
	GlobalSection(SolutionConfigurationPlatforms) = preSolution
		Debug|Any CPU = Debug|Any CPU
		Debug|x64 = Debug|x64
		Release|Any CPU = Release|Any CPU
		Release|x64 = Release|x64
	EndGlobalSection
	GlobalSection(ProjectConfigurationPlatforms) = postSolution
		{0FE44AAA-1D9E-4573-950D-1537B43A84FD}.Debug|Any CPU.ActiveCfg = Debug|Any CPU
		{0FE44AAA-1D9E-4573-950D-1537B43A84FD}.Debug|Any CPU.Build.0 = Debug|Any CPU
		{0FE44AAA-1D9E-4573-950D-1537B43A84FD}.Debug|x64.ActiveCfg = Debug|x64
		{0FE44AAA-1D9E-4573-950D-1537B43A84FD}.Debug|x64.Build.0 = Debug|x64
		{0FE44AAA-1D9E-4573-950D-1537B43A84FD}.Release|Any CPU.ActiveCfg = Release|Any CPU
		{0FE44AAA-1D9E-4573-950D-1537B43A84FD}.Release|Any CPU.Build.0 = Release|Any CPU
		{0FE44AAA-1D9E-4573-950D-1537B43A84FD}.Release|x64.ActiveCfg = Release|x64
		{0FE44AAA-1D9E-4573-950D-1537B43A84FD}.Release|x64.Build.0 = Release|x64
		{49DA6C61-A131-4DF5-A97D-0F96C29C7AB3}.Debug|Any CPU.ActiveCfg = Debug|Any CPU
		{49DA6C61-A131-4DF5-A97D-0F96C29C7AB3}.Debug|Any CPU.Build.0 = Debug|Any CPU
		{49DA6C61-A131-4DF5-A97D-0F96C29C7AB3}.Debug|x64.ActiveCfg = Debug|x64
		{49DA6C61-A131-4DF5-A97D-0F96C29C7AB3}.Debug|x64.Build.0 = Debug|x64
		{49DA6C61-A131-4DF5-A97D-0F96C29C7AB3}.Release|Any CPU.ActiveCfg = Release|Any CPU
		{49DA6C61-A131-4DF5-A97D-0F96C29C7AB3}.Release|Any CPU.Build.0 = Release|Any CPU
		{49DA6C61-A131-4DF5-A97D-0F96C29C7AB3}.Release|x64.ActiveCfg = Release|x64
		{49DA6C61-A131-4DF5-A97D-0F96C29C7AB3}.Release|x64.Build.0 = Release|x64
	EndGlobalSection
	GlobalSection(SolutionProperties) = preSolution
		HideSolutionNode = FALSE
	EndGlobalSection
	GlobalSection(ExtensibilityGlobals) = postSolution
		SolutionGuid = {2D78C155-A28A-44DA-A902-ADDD1E90041D}
	EndGlobalSection
EndGlobal
